
Microsoft Visual Studio Solution File, Format Version 12.00
# Visual Studio Version 16
VisualStudioVersion = 16.0.31515.178
MinimumVisualStudioVersion = 10.0.40219.1
Project("{FAE04EC0-301F-11D3-BF4B-00C04F79EFBC}") = "my-books-course1", "my-books-course1\my-books-course1.csproj", "{5E80E08A-B3F4-4CFC-864D-364278E49669}"
EndProject
Global
	GlobalSection(SolutionConfigurationPlatforms) = preSolution
		Debug|Any CPU = Debug|Any CPU
		Release|Any CPU = Release|Any CPU
	EndGlobalSection
	GlobalSection(ProjectConfigurationPlatforms) = postSolution
		{5E80E08A-B3F4-4CFC-864D-364278E49669}.Debug|Any CPU.ActiveCfg = Debug|Any CPU
		{5E80E08A-B3F4-4CFC-864D-364278E49669}.Debug|Any CPU.Build.0 = Debug|Any CPU
		{5E80E08A-B3F4-4CFC-864D-364278E49669}.Release|Any CPU.ActiveCfg = Release|Any CPU
		{5E80E08A-B3F4-4CFC-864D-364278E49669}.Release|Any CPU.Build.0 = Release|Any CPU
	EndGlobalSection
	GlobalSection(SolutionProperties) = preSolution
		HideSolutionNode = FALSE
	EndGlobalSection
	GlobalSection(ExtensibilityGlobals) = postSolution
		SolutionGuid = {65099D3E-9804-4FC4-B036-72C1B70849E8}
	EndGlobalSection
EndGlobal
